<?xml version="1.0" encoding="UTF-8" standalone="yes" ?>
<CodeBlocks_project_file>
	<FileVersion major="1" minor="6" />
	<Project>
		<Option title="Proyecto lab2" />
		<Option pch_mode="2" />
		<Option compiler="gcc" />
		<Build>
			<Target title="Debug">
				<Option output="bin/Debug/Proyecto lab2" prefix_auto="1" extension_auto="1" />
				<Option object_output="obj/Debug/" />
				<Option type="1" />
				<Option compiler="gcc" />
				<Compiler>
					<Add option="-g" />
				</Compiler>
			</Target>
			<Target title="Release">
				<Option output="bin/Release/Proyecto lab2" prefix_auto="1" extension_auto="1" />
				<Option object_output="obj/Release/" />
				<Option type="1" />
				<Option compiler="gcc" />
				<Compiler>
					<Add option="-O2" />
				</Compiler>
				<Linker>
					<Add option="-s" />
				</Linker>
			</Target>
		</Build>
		<Compiler>
			<Add option="-Wall" />
			<Add option="-fexceptions" />
		</Compiler>
		<Unit filename="app.cpp" />
		<Unit filename="app.h" />
		<Unit filename="consultas.cpp" />
		<Unit filename="consultas.h" />
		<Unit filename="consultasVentas.cpp" />
		<Unit filename="consultasVentas.h" />
		<Unit filename="empleado.cpp" />
		<Unit filename="empleado.h" />
		<Unit filename="empleadoArchivo.cpp" />
		<Unit filename="empleadoArchivo.h" />
		<Unit filename="empleadoManager.cpp" />
		<Unit filename="empleadoManager.h" />
		<Unit filename="fecha.cpp" />
		<Unit filename="fecha.h" />
		<Unit filename="funcionesGlobales.cpp" />
		<Unit filename="funcionesGlobales.h" />
		<Unit filename="hora.cpp" />
		<Unit filename="hora.h" />
		<Unit filename="main.cpp" />
		<Unit filename="producto.cpp" />
		<Unit filename="producto.h" />
		<Unit filename="productoArchivo.cpp" />
		<Unit filename="productoArchivo.h" />
		<Unit filename="productoManager.cpp" />
		<Unit filename="productoManager.h" />
		<Unit filename="proveedor.cpp" />
		<Unit filename="proveedor.h" />
		<Unit filename="proveedorArchivo.h" />
		<Unit filename="proveedorManager.cpp" />
		<Unit filename="proveedorManager.h" />
		<Unit filename="venta.cpp" />
		<Unit filename="venta.h" />
		<Unit filename="ventaArchivo.cpp" />
		<Unit filename="ventaArchivo.h" />
		<Unit filename="ventaManager.cpp" />
		<Unit filename="ventaManager.h" />
		<Extensions />
	</Project>
</CodeBlocks_project_file>
